Microsoft Visual Studio Solution File, Format Version 12.00
# Visual Studio 15
VisualStudioVersion = 15.0.27004.2009
MinimumVisualStudioVersion = 10.0.40219.1
Project("{F184B08F-C81C-45F6-A57F-5ABD9991F28F}") = "AspDashboard_CustomExtension", "AspDashboard_CustomExtension\AspDashboard_CustomExtension.vbproj", "{28EA5E0E-2E2E-4106-A222-8A077959C17A}"
EndProject
Global
	GlobalSection(SolutionConfigurationPlatforms) = preSolution
		Debug|Any CPU = Debug|Any CPU
		Release|Any CPU = Release|Any CPU
	EndGlobalSection
	GlobalSection(ProjectConfigurationPlatforms) = postSolution
		{28EA5E0E-2E2E-4106-A222-8A077959C17A}.Debug|Any CPU.ActiveCfg = Debug|Any CPU
		{28EA5E0E-2E2E-4106-A222-8A077959C17A}.Debug|Any CPU.Build.0 = Debug|Any CPU
		{28EA5E0E-2E2E-4106-A222-8A077959C17A}.Release|Any CPU.ActiveCfg = Release|Any CPU
		{28EA5E0E-2E2E-4106-A222-8A077959C17A}.Release|Any CPU.Build.0 = Release|Any CPU
	EndGlobalSection
	GlobalSection(SolutionProperties) = preSolution
		HideSolutionNode = FALSE
	EndGlobalSection
	GlobalSection(ExtensibilityGlobals) = postSolution
		SolutionGuid = {E1FA54A7-315F-40E5-8404-606780F81D22}
	EndGlobalSection
EndGlobal
